
Microsoft Visual Studio Solution File, Format Version 12.00
# Visual Studio Version 17
VisualStudioVersion = 17.4.33213.308
MinimumVisualStudioVersion = 10.0.40219.1
Project("{FAE04EC0-301F-11D3-BF4B-00C04F79EFBC}") = "RabbitMqProducerAPI", "RabbitMqProducerAPI\RabbitMqProducerAPI.csproj", "{043DA9BC-E1FB-483A-BF0B-55F121163031}"
EndProject
Project("{FAE04EC0-301F-11D3-BF4B-00C04F79EFBC}") = "RabbitMqConsumerConsoleApp", "RabbitMqConsumerConsoleApp\RabbitMqConsumerConsoleApp.csproj", "{F8F33A4A-FD93-4A8B-9AB8-8AD51E0C1B6F}"
EndProject
Global
	GlobalSection(SolutionConfigurationPlatforms) = preSolution
		Debug|Any CPU = Debug|Any CPU
		Release|Any CPU = Release|Any CPU
	EndGlobalSection
	GlobalSection(ProjectConfigurationPlatforms) = postSolution
		{043DA9BC-E1FB-483A-BF0B-55F121163031}.Debug|Any CPU.ActiveCfg = Debug|Any CPU
		{043DA9BC-E1FB-483A-BF0B-55F121163031}.Debug|Any CPU.Build.0 = Debug|Any CPU
		{043DA9BC-E1FB-483A-BF0B-55F121163031}.Release|Any CPU.ActiveCfg = Release|Any CPU
		{043DA9BC-E1FB-483A-BF0B-55F121163031}.Release|Any CPU.Build.0 = Release|Any CPU
		{F8F33A4A-FD93-4A8B-9AB8-8AD51E0C1B6F}.Debug|Any CPU.ActiveCfg = Debug|Any CPU
		{F8F33A4A-FD93-4A8B-9AB8-8AD51E0C1B6F}.Debug|Any CPU.Build.0 = Debug|Any CPU
		{F8F33A4A-FD93-4A8B-9AB8-8AD51E0C1B6F}.Release|Any CPU.ActiveCfg = Release|Any CPU
		{F8F33A4A-FD93-4A8B-9AB8-8AD51E0C1B6F}.Release|Any CPU.Build.0 = Release|Any CPU
	EndGlobalSection
	GlobalSection(SolutionProperties) = preSolution
		HideSolutionNode = FALSE
	EndGlobalSection
	GlobalSection(ExtensibilityGlobals) = postSolution
		SolutionGuid = {DE5475EA-FAB6-4607-B49E-F4ECC8997B52}
	EndGlobalSection
EndGlobal
